github.com/Red-Sock/protoc-gen-npm v0.0.10 h1:UD6259B2L/0DvICEG5BZfK6DvcLhNhcl6JWnHW6x/js=
github.com/godverv/matreshka-be v1.0.47 h1:uxYA5nQs9fSia9wL62y1wj7rIqHKbE9JPatlPbJHyHk=
github.com/googleapis/googleapis v0.0.0-20241223133235-9e966149c59f47f6305d66c98e2a9e7d9c26a2eb h1:4pYnn5qpywGFO9b7IN56TCfPs0boT/bsTWqCY5hPz1k=
