github.com/googleapis/googleapis v0.0.0-20251126142239-8cd3749f4b98f2eeeef511c16431979aeb3a6502 h1:k4VoA/mOBOKHv3xFuom3nStxuopSHaotu2ULI30D/V4=
github.com/vervstack/Matreshka v1.0.93 h1:jctHYsDQJJU3PjPBBYLoZrNn9y2FolNn3DEibOajby8=
go.redsock.ru/protoc-gen-npm v0.0.13 h1:UD6259B2L/0DvICEG5BZfK6DvcLhNhcl6JWnHW6x/js=
