github.com/googleapis/googleapis v0.0.0-20251208012131-abdfd56b2637ca5a625e7890908fd1298523d51d h1:/7g+a7u3IO5hvuxcGXD8ZC0aVbKHKTVIwiBf75JrXmI=
github.com/vervstack/Matreshka v0.0.0-20251130203637-6e498b809ea8fedd0d8739f4274da4e14e63ffaf h1:jctHYsDQJJU3PjPBBYLoZrNn9y2FolNn3DEibOajby8=
go.redsock.ru/protoc-gen-npm v0.0.13 h1:UD6259B2L/0DvICEG5BZfK6DvcLhNhcl6JWnHW6x/js=
