github.com/googleapis/googleapis v0.0.0-20250620154649-34b323e7ee72888dd9337cce8b24233ae078f23b h1:kG0RYCq1T1aUt2KL7moKu4kMP4/576A0I4mEAcmRCw4=
github.com/vervstack/Matreshka v1.0.87 h1:nOHe4zlVbRtgW+fAK4eIg7ABhjqj3Kh55lL95RihICo=
go.redsock.ru/protoc-gen-npm v0.0.13 h1:UD6259B2L/0DvICEG5BZfK6DvcLhNhcl6JWnHW6x/js=
