github.com/googleapis/googleapis 7edd1a451462607fc38c08dfeed1a6219d0db327 h1:vmflJ5TyN6IwNiJxyNQAfGRgjiiQwnV8rQLOknIoBns=
go.redsock.ru/protoc-gen-npm v0.0.17 h1:HyaD3OQX7fkeJkj8cpfk6llKsAt99ThclamXUxq6Elo=
go.vervstack.ru/Velez 220e0db758f9ce96d9b1f457234616284530622b h1:x61SguBaYHZTPczHeUeOEfcKenGTT6WfISa/AjRXnlA=
